{
    "_readme": [
        "This file locks the dependencies of your project to a known state",
        "Read more about it at https://getcomposer.org/doc/01-basic-usage.md#composer-lock-the-lock-file",
        "This file is @generated automatically"
    ],
    "hash": "b6b43ef2f43cdb04c9e8cd6654509c65",
    "content-hash": "a6f02bdb647680ab8d57a4d4df1b6deb",
    "packages": [
        {
            "name": "composer/installers",
            "version": "v1.0.23",
            "source": {
                "type": "git",
                "url": "https://github.com/composer/installers.git",
                "reference": "6213d900e92647831f7a406d5c530ea1f3d4360e"
            },
            "dist": {
                "type": "zip",
                "url": "https://api.github.com/repos/composer/installers/zipball/6213d900e92647831f7a406d5c530ea1f3d4360e",
                "reference": "6213d900e92647831f7a406d5c530ea1f3d4360e",
                "shasum": ""
            },
            "require": {
                "composer-plugin-api": "^1.0"
            },
            "replace": {
                "roundcube/plugin-installer": "*",
                "shama/baton": "*"
            },
            "require-dev": {
                "composer/composer": "1.0.*@dev",
                "phpunit/phpunit": "4.1.*"
            },
            "type": "composer-plugin",
            "extra": {
                "class": "Composer\\Installers\\Plugin",
                "branch-alias": {
                    "dev-master": "1.0-dev"
                }
            },
            "autoload": {
                "psr-0": {
                    "Composer\\Installers\\": "src/"
                }
            },
            "notification-url": "https://packagist.org/downloads/",
            "license": [
                "MIT"
            ],
            "authors": [
                {
                    "name": "Kyle Robinson Young",
                    "email": "kyle@dontkry.com",
                    "homepage": "https://github.com/shama"
                }
            ],
            "description": "A multi-framework Composer library installer",
            "homepage": "http://composer.github.com/installers/",
            "keywords": [
                "Craft",
                "Dolibarr",
                "Hurad",
                "MODX Evo",
                "OXID",
                "SMF",
                "Thelia",
                "WolfCMS",
                "agl",
                "aimeos",
                "annotatecms",
                "bitrix",
                "cakephp",
                "chef",
                "codeigniter",
                "concrete5",
                "croogo",
                "dokuwiki",
                "drupal",
                "elgg",
                "fuelphp",
                "grav",
                "installer",
                "joomla",
                "kohana",
                "laravel",
                "lithium",
                "magento",
                "mako",
                "mediawiki",
                "modulework",
                "moodle",
                "phpbb",
                "piwik",
                "ppi",
                "puppet",
                "roundcube",
                "shopware",
                "silverstripe",
                "symfony",
                "typo3",
                "wordpress",
                "zend",
                "zikula"
            ],
            "time": "2016-01-27 12:54:22"
        },
        {
            "name": "educoder/pest",
            "version": "1.0.0",
            "source": {
                "type": "git",
                "url": "https://github.com/educoder/pest.git",
                "reference": "7c4d24d6aafc4ebac711c73cc8797d9b1779525b"
            },
            "dist": {
                "type": "zip",
                "url": "https://api.github.com/repos/educoder/pest/zipball/7c4d24d6aafc4ebac711c73cc8797d9b1779525b",
                "reference": "7c4d24d6aafc4ebac711c73cc8797d9b1779525b",
                "shasum": ""
            },
            "require": {
                "lib-curl": "*",
                "php": ">=5.2"
            },
            "type": "library",
            "autoload": {
                "classmap": [
                    ""
                ]
            },
            "notification-url": "https://packagist.org/downloads/",
            "license": [
                "MIT"
            ],
            "authors": [
                {
                    "name": "Matt Zukowski",
                    "email": "matt@zukowski.ca"
                },
                {
                    "name": "Donald Sipe",
                    "email": "donald.sipe@gmail.com"
                }
            ],
            "description": "A proper REST client for PHP.",
            "homepage": "https://github.com/educoder/pest",
            "time": "2013-11-17 12:58:01"
        },
        {
            "name": "karpet/dezi-client-php",
            "version": "2.0.1",
            "source": {
                "type": "git",
                "url": "https://github.com/karpet/dezi-client-php.git",
                "reference": "e6afa022a93fb0284119c28a6474c418577e5b2c"
            },
            "dist": {
                "type": "zip",
                "url": "https://api.github.com/repos/karpet/dezi-client-php/zipball/e6afa022a93fb0284119c28a6474c418577e5b2c",
                "reference": "e6afa022a93fb0284119c28a6474c418577e5b2c",
                "shasum": ""
            },
            "require": {
                "educoder/pest": "1.0.0"
            },
            "type": "library",
            "autoload": {
                "psr-4": {
                    "Dezi\\": "lib/"
                }
            },
            "notification-url": "https://packagist.org/downloads/",
            "license": [
                "MIT"
            ],
            "authors": [
                {
                    "name": "Peter Karman",
                    "email": "karpet@peknet.com"
                },
                {
                    "name": "Justin Heideman",
                    "email": "justin@fiddlyio.com"
                }
            ],
            "description": "Dezi client for php",
            "time": "2016-02-17 02:33:00"
        }
    ],
    "packages-dev": [],
    "aliases": [],
    "minimum-stability": "stable",
    "stability-flags": [],
    "prefer-stable": false,
    "prefer-lowest": false,
    "platform": {
        "php": ">=5.3.2"
    },
    "platform-dev": []
}
